
Microsoft Visual Studio Solution File, Format Version 12.00
# Visual Studio Version 16
VisualStudioVersion = 16.0.31702.278
MinimumVisualStudioVersion = 10.0.40219.1
Project("{FAE04EC0-301F-11D3-BF4B-00C04F79EFBC}") = "Lab 9 on CS", "Lab 9 on CS\Lab 9 on CS.csproj", "{90E8C3EB-23BE-4A20-B1D0-FF302470247F}"
EndProject
Global
	GlobalSection(SolutionConfigurationPlatforms) = preSolution
		Debug|Any CPU = Debug|Any CPU
		Release|Any CPU = Release|Any CPU
	EndGlobalSection
	GlobalSection(ProjectConfigurationPlatforms) = postSolution
		{90E8C3EB-23BE-4A20-B1D0-FF302470247F}.Debug|Any CPU.ActiveCfg = Debug|Any CPU
		{90E8C3EB-23BE-4A20-B1D0-FF302470247F}.Debug|Any CPU.Build.0 = Debug|Any CPU
		{90E8C3EB-23BE-4A20-B1D0-FF302470247F}.Release|Any CPU.ActiveCfg = Release|Any CPU
		{90E8C3EB-23BE-4A20-B1D0-FF302470247F}.Release|Any CPU.Build.0 = Release|Any CPU
	EndGlobalSection
	GlobalSection(SolutionProperties) = preSolution
		HideSolutionNode = FALSE
	EndGlobalSection
	GlobalSection(ExtensibilityGlobals) = postSolution
		SolutionGuid = {03C56F0A-5BDA-4898-9249-5E0AD9543D47}
	EndGlobalSection
EndGlobal
