
Microsoft Visual Studio Solution File, Format Version 12.00
# Visual Studio Version 16
VisualStudioVersion = 16.0.31702.278
MinimumVisualStudioVersion = 10.0.40219.1
Project("{FAE04EC0-301F-11D3-BF4B-00C04F79EFBC}") = "Lab6 on CS", "Lab6 on CS\Lab6 on CS.csproj", "{8CB9AFE4-05D3-44EE-8BB4-8BD3AD581447}"
EndProject
Global
	GlobalSection(SolutionConfigurationPlatforms) = preSolution
		Debug|Any CPU = Debug|Any CPU
		Release|Any CPU = Release|Any CPU
	EndGlobalSection
	GlobalSection(ProjectConfigurationPlatforms) = postSolution
		{8CB9AFE4-05D3-44EE-8BB4-8BD3AD581447}.Debug|Any CPU.ActiveCfg = Debug|Any CPU
		{8CB9AFE4-05D3-44EE-8BB4-8BD3AD581447}.Debug|Any CPU.Build.0 = Debug|Any CPU
		{8CB9AFE4-05D3-44EE-8BB4-8BD3AD581447}.Release|Any CPU.ActiveCfg = Release|Any CPU
		{8CB9AFE4-05D3-44EE-8BB4-8BD3AD581447}.Release|Any CPU.Build.0 = Release|Any CPU
	EndGlobalSection
	GlobalSection(SolutionProperties) = preSolution
		HideSolutionNode = FALSE
	EndGlobalSection
	GlobalSection(ExtensibilityGlobals) = postSolution
		SolutionGuid = {F29189B5-EF81-4565-A0F7-4A183C9A20FD}
	EndGlobalSection
EndGlobal
