
Microsoft Visual Studio Solution File, Format Version 12.00
# Visual Studio Version 16
VisualStudioVersion = 16.0.31702.278
MinimumVisualStudioVersion = 10.0.40219.1
Project("{888888A0-9F3D-457C-B088-3A5042F75D52}") = "Lab 9 on Python", "Lab 9 on Python\Lab 9 on Python.pyproj", "{00CF766F-FC5E-4D3C-9015-C11F8CDD6D80}"
EndProject
Global
	GlobalSection(SolutionConfigurationPlatforms) = preSolution
		Debug|Any CPU = Debug|Any CPU
		Release|Any CPU = Release|Any CPU
	EndGlobalSection
	GlobalSection(ProjectConfigurationPlatforms) = postSolution
		{00CF766F-FC5E-4D3C-9015-C11F8CDD6D80}.Debug|Any CPU.ActiveCfg = Debug|Any CPU
		{00CF766F-FC5E-4D3C-9015-C11F8CDD6D80}.Release|Any CPU.ActiveCfg = Release|Any CPU
	EndGlobalSection
	GlobalSection(SolutionProperties) = preSolution
		HideSolutionNode = FALSE
	EndGlobalSection
	GlobalSection(ExtensibilityGlobals) = postSolution
		SolutionGuid = {BEA70D88-A029-4DEC-BE93-18DE46959A03}
	EndGlobalSection
EndGlobal
