
Microsoft Visual Studio Solution File, Format Version 12.00
# Visual Studio Version 16
VisualStudioVersion = 16.0.31702.278
MinimumVisualStudioVersion = 10.0.40219.1
Project("{FAE04EC0-301F-11D3-BF4B-00C04F79EFBC}") = "Lab№5 on CS", "Lab№5 on CS\Lab№5 on CS.csproj", "{14A09171-C86E-4B19-9276-97F5E1B2A924}"
EndProject
Global
	GlobalSection(SolutionConfigurationPlatforms) = preSolution
		Debug|Any CPU = Debug|Any CPU
		Release|Any CPU = Release|Any CPU
	EndGlobalSection
	GlobalSection(ProjectConfigurationPlatforms) = postSolution
		{14A09171-C86E-4B19-9276-97F5E1B2A924}.Debug|Any CPU.ActiveCfg = Debug|Any CPU
		{14A09171-C86E-4B19-9276-97F5E1B2A924}.Debug|Any CPU.Build.0 = Debug|Any CPU
		{14A09171-C86E-4B19-9276-97F5E1B2A924}.Release|Any CPU.ActiveCfg = Release|Any CPU
		{14A09171-C86E-4B19-9276-97F5E1B2A924}.Release|Any CPU.Build.0 = Release|Any CPU
	EndGlobalSection
	GlobalSection(SolutionProperties) = preSolution
		HideSolutionNode = FALSE
	EndGlobalSection
	GlobalSection(ExtensibilityGlobals) = postSolution
		SolutionGuid = {8939036D-413A-408B-9C7F-1F62D1FEECA1}
	EndGlobalSection
EndGlobal
